
Microsoft Visual Studio Solution File, Format Version 12.00
# Visual Studio Version 17
VisualStudioVersion = 17.0.31903.59
MinimumVisualStudioVersion = 10.0.40219.1
Project("{2150E333-8FDC-42A3-9474-1A3956D46DE8}") = "src", "src", "{827E0CD3-B72D-47B6-A68D-7590B98EB39B}"
EndProject
Project("{FAE04EC0-301F-11D3-BF4B-00C04F79EFBC}") = "SpreadAggregator.Domain", "src\SpreadAggregator.Domain\SpreadAggregator.Domain.csproj", "{D83F70F7-FB11-4C12-99AE-0F1EA2D989FF}"
EndProject
Project("{FAE04EC0-301F-11D3-BF4B-00C04F79EFBC}") = "SpreadAggregator.Application", "src\SpreadAggregator.Application\SpreadAggregator.Application.csproj", "{1673A6AF-F07B-4201-BBEC-EE7535EEBF32}"
EndProject
Project("{FAE04EC0-301F-11D3-BF4B-00C04F79EFBC}") = "SpreadAggregator.Infrastructure", "src\SpreadAggregator.Infrastructure\SpreadAggregator.Infrastructure.csproj", "{3B8243D5-2CF1-4877-9960-D6A694231ED4}"
EndProject
Project("{FAE04EC0-301F-11D3-BF4B-00C04F79EFBC}") = "SpreadAggregator.Presentation", "src\SpreadAggregator.Presentation\SpreadAggregator.Presentation.csproj", "{2FA326C8-CB03-4105-BD41-5094DC02FDB5}"
EndProject
Project("{2150E333-8FDC-42A3-9474-1A3956D46DE8}") = "tests", "tests", "{0AB3BF05-4346-4AA6-1389-037BE0695223}"
EndProject
Project("{FAE04EC0-301F-11D3-BF4B-00C04F79EFBC}") = "SpreadAggregator.Tests", "tests\SpreadAggregator.Tests\SpreadAggregator.Tests.csproj", "{823E868A-A519-404D-9289-3BF24D50CEE4}"
EndProject
Global
	GlobalSection(SolutionConfigurationPlatforms) = preSolution
		Debug|Any CPU = Debug|Any CPU
		Debug|x64 = Debug|x64
		Debug|x86 = Debug|x86
		Release|Any CPU = Release|Any CPU
		Release|x64 = Release|x64
		Release|x86 = Release|x86
	EndGlobalSection
	GlobalSection(ProjectConfigurationPlatforms) = postSolution
		{D83F70F7-FB11-4C12-99AE-0F1EA2D989FF}.Debug|Any CPU.ActiveCfg = Debug|Any CPU
		{D83F70F7-FB11-4C12-99AE-0F1EA2D989FF}.Debug|Any CPU.Build.0 = Debug|Any CPU
		{D83F70F7-FB11-4C12-99AE-0F1EA2D989FF}.Debug|x64.ActiveCfg = Debug|Any CPU
		{D83F70F7-FB11-4C12-99AE-0F1EA2D989FF}.Debug|x64.Build.0 = Debug|Any CPU
		{D83F70F7-FB11-4C12-99AE-0F1EA2D989FF}.Debug|x86.ActiveCfg = Debug|Any CPU
		{D83F70F7-FB11-4C12-99AE-0F1EA2D989FF}.Debug|x86.Build.0 = Debug|Any CPU
		{D83F70F7-FB11-4C12-99AE-0F1EA2D989FF}.Release|Any CPU.ActiveCfg = Release|Any CPU
		{D83F70F7-FB11-4C12-99AE-0F1EA2D989FF}.Release|Any CPU.Build.0 = Release|Any CPU
		{D83F70F7-FB11-4C12-99AE-0F1EA2D989FF}.Release|x64.ActiveCfg = Release|Any CPU
		{D83F70F7-FB11-4C12-99AE-0F1EA2D989FF}.Release|x64.Build.0 = Release|Any CPU
		{D83F70F7-FB11-4C12-99AE-0F1EA2D989FF}.Release|x86.ActiveCfg = Release|Any CPU
		{D83F70F7-FB11-4C12-99AE-0F1EA2D989FF}.Release|x86.Build.0 = Release|Any CPU
		{1673A6AF-F07B-4201-BBEC-EE7535EEBF32}.Debug|Any CPU.ActiveCfg = Debug|Any CPU
		{1673A6AF-F07B-4201-BBEC-EE7535EEBF32}.Debug|Any CPU.Build.0 = Debug|Any CPU
		{1673A6AF-F07B-4201-BBEC-EE7535EEBF32}.Debug|x64.ActiveCfg = Debug|Any CPU
		{1673A6AF-F07B-4201-BBEC-EE7535EEBF32}.Debug|x64.Build.0 = Debug|Any CPU
		{1673A6AF-F07B-4201-BBEC-EE7535EEBF32}.Debug|x86.ActiveCfg = Debug|Any CPU
		{1673A6AF-F07B-4201-BBEC-EE7535EEBF32}.Debug|x86.Build.0 = Debug|Any CPU
		{1673A6AF-F07B-4201-BBEC-EE7535EEBF32}.Release|Any CPU.ActiveCfg = Release|Any CPU
		{1673A6AF-F07B-4201-BBEC-EE7535EEBF32}.Release|Any CPU.Build.0 = Release|Any CPU
		{1673A6AF-F07B-4201-BBEC-EE7535EEBF32}.Release|x64.ActiveCfg = Release|Any CPU
		{1673A6AF-F07B-4201-BBEC-EE7535EEBF32}.Release|x64.Build.0 = Release|Any CPU
		{1673A6AF-F07B-4201-BBEC-EE7535EEBF32}.Release|x86.ActiveCfg = Release|Any CPU
		{1673A6AF-F07B-4201-BBEC-EE7535EEBF32}.Release|x86.Build.0 = Release|Any CPU
		{3B8243D5-2CF1-4877-9960-D6A694231ED4}.Debug|Any CPU.ActiveCfg = Debug|Any CPU
		{3B8243D5-2CF1-4877-9960-D6A694231ED4}.Debug|Any CPU.Build.0 = Debug|Any CPU
		{3B8243D5-2CF1-4877-9960-D6A694231ED4}.Debug|x64.ActiveCfg = Debug|Any CPU
		{3B8243D5-2CF1-4877-9960-D6A694231ED4}.Debug|x64.Build.0 = Debug|Any CPU
		{3B8243D5-2CF1-4877-9960-D6A694231ED4}.Debug|x86.ActiveCfg = Debug|Any CPU
		{3B8243D5-2CF1-4877-9960-D6A694231ED4}.Debug|x86.Build.0 = Debug|Any CPU
		{3B8243D5-2CF1-4877-9960-D6A694231ED4}.Release|Any CPU.ActiveCfg = Release|Any CPU
		{3B8243D5-2CF1-4877-9960-D6A694231ED4}.Release|Any CPU.Build.0 = Release|Any CPU
		{3B8243D5-2CF1-4877-9960-D6A694231ED4}.Release|x64.ActiveCfg = Release|Any CPU
		{3B8243D5-2CF1-4877-9960-D6A694231ED4}.Release|x64.Build.0 = Release|Any CPU
		{3B8243D5-2CF1-4877-9960-D6A694231ED4}.Release|x86.ActiveCfg = Release|Any CPU
		{3B8243D5-2CF1-4877-9960-D6A694231ED4}.Release|x86.Build.0 = Release|Any CPU
		{2FA326C8-CB03-4105-BD41-5094DC02FDB5}.Debug|Any CPU.ActiveCfg = Debug|Any CPU
		{2FA326C8-CB03-4105-BD41-5094DC02FDB5}.Debug|Any CPU.Build.0 = Debug|Any CPU
		{2FA326C8-CB03-4105-BD41-5094DC02FDB5}.Debug|x64.ActiveCfg = Debug|Any CPU
		{2FA326C8-CB03-4105-BD41-5094DC02FDB5}.Debug|x64.Build.0 = Debug|Any CPU
		{2FA326C8-CB03-4105-BD41-5094DC02FDB5}.Debug|x86.ActiveCfg = Debug|Any CPU
		{2FA326C8-CB03-4105-BD41-5094DC02FDB5}.Debug|x86.Build.0 = Debug|Any CPU
		{2FA326C8-CB03-4105-BD41-5094DC02FDB5}.Release|Any CPU.ActiveCfg = Release|Any CPU
		{2FA326C8-CB03-4105-BD41-5094DC02FDB5}.Release|Any CPU.Build.0 = Release|Any CPU
		{2FA326C8-CB03-4105-BD41-5094DC02FDB5}.Release|x64.ActiveCfg = Release|Any CPU
		{2FA326C8-CB03-4105-BD41-5094DC02FDB5}.Release|x64.Build.0 = Release|Any CPU
		{2FA326C8-CB03-4105-BD41-5094DC02FDB5}.Release|x86.ActiveCfg = Release|Any CPU
		{2FA326C8-CB03-4105-BD41-5094DC02FDB5}.Release|x86.Build.0 = Release|Any CPU
		{823E868A-A519-404D-9289-3BF24D50CEE4}.Debug|Any CPU.ActiveCfg = Debug|Any CPU
		{823E868A-A519-404D-9289-3BF24D50CEE4}.Debug|Any CPU.Build.0 = Debug|Any CPU
		{823E868A-A519-404D-9289-3BF24D50CEE4}.Debug|x64.ActiveCfg = Debug|Any CPU
		{823E868A-A519-404D-9289-3BF24D50CEE4}.Debug|x64.Build.0 = Debug|Any CPU
		{823E868A-A519-404D-9289-3BF24D50CEE4}.Debug|x86.ActiveCfg = Debug|Any CPU
		{823E868A-A519-404D-9289-3BF24D50CEE4}.Debug|x86.Build.0 = Debug|Any CPU
		{823E868A-A519-404D-9289-3BF24D50CEE4}.Release|Any CPU.ActiveCfg = Release|Any CPU
		{823E868A-A519-404D-9289-3BF24D50CEE4}.Release|Any CPU.Build.0 = Release|Any CPU
		{823E868A-A519-404D-9289-3BF24D50CEE4}.Release|x64.ActiveCfg = Release|Any CPU
		{823E868A-A519-404D-9289-3BF24D50CEE4}.Release|x64.Build.0 = Release|Any CPU
		{823E868A-A519-404D-9289-3BF24D50CEE4}.Release|x86.ActiveCfg = Release|Any CPU
		{823E868A-A519-404D-9289-3BF24D50CEE4}.Release|x86.Build.0 = Release|Any CPU
	EndGlobalSection
	GlobalSection(SolutionProperties) = preSolution
		HideSolutionNode = FALSE
	EndGlobalSection
	GlobalSection(NestedProjects) = preSolution
		{D83F70F7-FB11-4C12-99AE-0F1EA2D989FF} = {827E0CD3-B72D-47B6-A68D-7590B98EB39B}
		{1673A6AF-F07B-4201-BBEC-EE7535EEBF32} = {827E0CD3-B72D-47B6-A68D-7590B98EB39B}
		{3B8243D5-2CF1-4877-9960-D6A694231ED4} = {827E0CD3-B72D-47B6-A68D-7590B98EB39B}
		{2FA326C8-CB03-4105-BD41-5094DC02FDB5} = {827E0CD3-B72D-47B6-A68D-7590B98EB39B}
		{823E868A-A519-404D-9289-3BF24D50CEE4} = {0AB3BF05-4346-4AA6-1389-037BE0695223}
	EndGlobalSection
EndGlobal
